
Microsoft Visual Studio Solution File, Format Version 12.00
# Visual Studio Version 17
VisualStudioVersion = 17.10.35122.118
MinimumVisualStudioVersion = 10.0.40219.1
Project("{9A19103F-16F7-4668-BE54-9A1E7A4F7556}") = "BuildSwitcherCS2", "BuildSwitcherCS2\BuildSwitcherCS2.csproj", "{2CA257B4-7998-4C39-A2E5-E5B63224EFCC}"
EndProject
Project("{2150E333-8FDC-42A3-9474-1A3956D46DE8}") = "Solution Items", "Solution Items", "{A2975024-D8C9-433B-8325-621CB9242A3E}"
	ProjectSection(SolutionItems) = preProject
		.editorconfig = .editorconfig
		.gitattributes = .gitattributes
		.gitignore = .gitignore
		LICENSE = LICENSE
		README.md = README.md
	EndProjectSection
EndProject
Global
	GlobalSection(SolutionConfigurationPlatforms) = preSolution
		Debug|Any CPU = Debug|Any CPU
		Release|Any CPU = Release|Any CPU
	EndGlobalSection
	GlobalSection(ProjectConfigurationPlatforms) = postSolution
		{2CA257B4-7998-4C39-A2E5-E5B63224EFCC}.Debug|Any CPU.ActiveCfg = Debug|Any CPU
		{2CA257B4-7998-4C39-A2E5-E5B63224EFCC}.Debug|Any CPU.Build.0 = Debug|Any CPU
		{2CA257B4-7998-4C39-A2E5-E5B63224EFCC}.Release|Any CPU.ActiveCfg = Release|Any CPU
		{2CA257B4-7998-4C39-A2E5-E5B63224EFCC}.Release|Any CPU.Build.0 = Release|Any CPU
	EndGlobalSection
	GlobalSection(SolutionProperties) = preSolution
		HideSolutionNode = FALSE
	EndGlobalSection
	GlobalSection(ExtensibilityGlobals) = postSolution
		SolutionGuid = {5C724005-BD53-44A4-9E0C-9DA4ABFEF372}
	EndGlobalSection
EndGlobal
